
Microsoft Visual Studio Solution File, Format Version 12.00
# Visual Studio Version 16
VisualStudioVersion = 16.0.29519.87
MinimumVisualStudioVersion = 10.0.40219.1
Project("{FAE04EC0-301F-11D3-BF4B-00C04F79EFBC}") = "TextWebService", "TextWebService\TextWebService.csproj", "{7E05477C-3065-44C4-891E-53871AD6B8E2}"
EndProject
Project("{FAE04EC0-301F-11D3-BF4B-00C04F79EFBC}") = "TextWebServiceClient", "TextWebServiceClient\TextWebServiceClient.csproj", "{3E3A6EF4-25A7-459F-8163-52C81DDB2E3B}"
EndProject
Global
	GlobalSection(SolutionConfigurationPlatforms) = preSolution
		Debug|Any CPU = Debug|Any CPU
		Release|Any CPU = Release|Any CPU
	EndGlobalSection
	GlobalSection(ProjectConfigurationPlatforms) = postSolution
		{7E05477C-3065-44C4-891E-53871AD6B8E2}.Debug|Any CPU.ActiveCfg = Debug|Any CPU
		{7E05477C-3065-44C4-891E-53871AD6B8E2}.Debug|Any CPU.Build.0 = Debug|Any CPU
		{7E05477C-3065-44C4-891E-53871AD6B8E2}.Release|Any CPU.ActiveCfg = Release|Any CPU
		{7E05477C-3065-44C4-891E-53871AD6B8E2}.Release|Any CPU.Build.0 = Release|Any CPU
		{3E3A6EF4-25A7-459F-8163-52C81DDB2E3B}.Debug|Any CPU.ActiveCfg = Debug|Any CPU
		{3E3A6EF4-25A7-459F-8163-52C81DDB2E3B}.Debug|Any CPU.Build.0 = Debug|Any CPU
		{3E3A6EF4-25A7-459F-8163-52C81DDB2E3B}.Release|Any CPU.ActiveCfg = Release|Any CPU
		{3E3A6EF4-25A7-459F-8163-52C81DDB2E3B}.Release|Any CPU.Build.0 = Release|Any CPU
	EndGlobalSection
	GlobalSection(SolutionProperties) = preSolution
		HideSolutionNode = FALSE
	EndGlobalSection
	GlobalSection(ExtensibilityGlobals) = postSolution
		SolutionGuid = {32B15E42-B59D-4168-B95A-39EF254B2148}
	EndGlobalSection
EndGlobal
